<?xml version="1.0" encoding="UTF-8" standalone="yes" ?>
<CodeBlocks_project_file>
	<FileVersion major="1" minor="6" />
	<Project>
		<Option title="mjpeg-cgi" />
		<Option makefile_is_custom="1" />
		<Option pch_mode="2" />
		<Option compiler="gcc" />
		<Build>
			<Target title="Debug">
				<Option output="mjpeg-cgi-dev" prefix_auto="1" extension_auto="1" />
				<Option object_output="obj/Debug/" />
				<Option type="1" />
				<Option compiler="gcc" />
				<Option parameters="-c /home/alex/Projects/mjpeg-cgi/config.xml" />
				<Compiler>
					<Add option="-g" />
					<Add directory="include" />
				</Compiler>
			</Target>
			<Target title="Release">
				<Option output="bin/Release/mjpeg-cgi" prefix_auto="1" extension_auto="1" />
				<Option object_output="obj/Release/" />
				<Option type="1" />
				<Option compiler="gcc" />
				<Compiler>
					<Add option="-O2" />
					<Add directory="include" />
				</Compiler>
				<Linker>
					<Add option="-s" />
				</Linker>
			</Target>
		</Build>
		<Compiler>
			<Add option="-pedantic" />
			<Add option="-std=c++11" />
			<Add option="-Wall" />
			<Add option="-fexceptions" />
			<Add directory="include" />
		</Compiler>
		<Linker>
			<Add library="fcgi" />
			<Add library="pthread" />
		</Linker>
		<Unit filename="Makefile.am" />
		<Unit filename="config.xml" />
		<Unit filename="configure.ac" />
		<Unit filename="include/CgiService.h" />
		<Unit filename="include/Config.h" />
		<Unit filename="include/Container.h" />
		<Unit filename="include/Device.h" />
		<Unit filename="include/DeviceList.h" />
		<Unit filename="include/HttpClient.h" />
		<Unit filename="include/Icon.h" />
		<Unit filename="include/ImgMgk.h" />
		<Unit filename="include/Item.h" />
		<Unit filename="include/Log.h" />
		<Unit filename="include/Request.h" />
		<Unit filename="include/Response.h" />
		<Unit filename="include/Serial.h" />
		<Unit filename="include/Server.h" />
		<Unit filename="include/Service.h" />
		<Unit filename="include/Thread.h" />
		<Unit filename="include/UPnP.h" />
		<Unit filename="include/UPnP_CP.h" />
		<Unit filename="include/UPnP_MediaRenderer.h" />
		<Unit filename="include/UPnP_MediaServer.h" />
		<Unit filename="include/Uri.h" />
		<Unit filename="include/base64.h" />
		<Unit filename="include/cam.h" />
		<Unit filename="include/xmltools.h" />
		<Unit filename="index.html" />
		<Unit filename="main.cpp" />
		<Unit filename="src/CgiService.cpp" />
		<Unit filename="src/Config.cpp" />
		<Unit filename="src/Container.cpp" />
		<Unit filename="src/Device.cpp" />
		<Unit filename="src/DeviceList.cpp" />
		<Unit filename="src/HttpClient.cpp" />
		<Unit filename="src/Icon.cpp" />
		<Unit filename="src/ImgMgk.cpp" />
		<Unit filename="src/Item.cpp" />
		<Unit filename="src/Log.cpp" />
		<Unit filename="src/Request.cpp" />
		<Unit filename="src/Response.cpp" />
		<Unit filename="src/Serial.cpp" />
		<Unit filename="src/Server.cpp" />
		<Unit filename="src/Service.cpp" />
		<Unit filename="src/Thread.cpp" />
		<Unit filename="src/UPnP.cpp" />
		<Unit filename="src/UPnP_CP.cpp" />
		<Unit filename="src/UPnP_MediaRenderer.cpp" />
		<Unit filename="src/UPnP_MediaServer.cpp" />
		<Unit filename="src/base64.cpp" />
		<Unit filename="src/cam.cpp" />
		<Unit filename="src/xmltools.cpp" />
		<Extensions>
			<code_completion />
			<envvars />
			<debugger />
			<lib_finder disable_auto="1" />
		</Extensions>
	</Project>
</CodeBlocks_project_file>
